Microsoft Visual Studio Solution File, Format Version 12.00
# Visual Studio Version 17
VisualStudioVersion = 17.13.35828.75 d17.13
MinimumVisualStudioVersion = 10.0.40219.1
Project("{FAE04EC0-301F-11D3-BF4B-00C04F79EFBC}") = "DoseRateEditor", "DoseRateEditor\DoseRateEditor.csproj", "{0C6686F0-5766-4D2A-85FB-88864066B7CD}"
EndProject
Project("{FAE04EC0-301F-11D3-BF4B-00C04F79EFBC}") = "AOS_VirtualCones_MCB", "VirtualCones\AOS_VirtualCones_MCB.csproj", "{9CD21C0B-6792-46D5-BFA2-E1BB322BE15E}"
EndProject
Global
	GlobalSection(SolutionConfigurationPlatforms) = preSolution
		Debug|Any CPU = Debug|Any CPU
		Release|Any CPU = Release|Any CPU
	EndGlobalSection
	GlobalSection(ProjectConfigurationPlatforms) = postSolution
		{0C6686F0-5766-4D2A-85FB-88864066B7CD}.Debug|Any CPU.ActiveCfg = Debug|Any CPU
		{0C6686F0-5766-4D2A-85FB-88864066B7CD}.Debug|Any CPU.Build.0 = Debug|Any CPU
		{0C6686F0-5766-4D2A-85FB-88864066B7CD}.Release|Any CPU.ActiveCfg = Release|Any CPU
		{0C6686F0-5766-4D2A-85FB-88864066B7CD}.Release|Any CPU.Build.0 = Release|Any CPU
		{9CD21C0B-6792-46D5-BFA2-E1BB322BE15E}.Debug|Any CPU.ActiveCfg = Debug|Any CPU
		{9CD21C0B-6792-46D5-BFA2-E1BB322BE15E}.Debug|Any CPU.Build.0 = Debug|Any CPU
		{9CD21C0B-6792-46D5-BFA2-E1BB322BE15E}.Release|Any CPU.ActiveCfg = Release|Any CPU
		{9CD21C0B-6792-46D5-BFA2-E1BB322BE15E}.Release|Any CPU.Build.0 = Release|Any CPU
	EndGlobalSection
	GlobalSection(SolutionProperties) = preSolution
		HideSolutionNode = FALSE
	EndGlobalSection
	GlobalSection(ExtensibilityGlobals) = postSolution
		SolutionGuid = {EAAB0E9D-40A7-4B0F-B8F9-2CD233155F36}
	EndGlobalSection
EndGlobal
